schema: '2.0'
stages:
  data_collection:
    cmd: python src/data/data_collection.py
    deps:
    - path: src/data/data_collection.py
      hash: md5
      md5: e2516132d4b74c72515c59c8bfff4c8c
      size: 2233
    params:
      params.yaml:
        data_collection.test_size: 0.35
    outs:
    - path: data/raw
      hash: md5
      md5: 866f27f2d235e1ed6929109245a3419e.dir
      size: 522262
      nfiles: 2
  pre_processing:
    cmd: python src/data/data_prep.py
    deps:
    - path: data/raw
      hash: md5
      md5: 866f27f2d235e1ed6929109245a3419e.dir
      size: 522262
      nfiles: 2
    - path: src/data/data_prep.py
      hash: md5
      md5: 25fb761dae1d697964441cbd0b09dafd
      size: 1870
    outs:
    - path: data/processed
      hash: md5
      md5: f9b9273b9c0600c1a7fdc1dc67d82500.dir
      size: 546525
      nfiles: 2
  model_building:
    cmd: python src/model/model_building.py
    deps:
    - path: data/processed
      hash: md5
      md5: ae3cb698e149a4ec09fdb7c00f992f22.dir
      size: 546525
      nfiles: 2
    - path: src/model/model_building.py
      hash: md5
      md5: 9af6d9ffb59ca5944a5e87e215de2714
      size: 2098
    params:
      params.yaml:
        model_building.n_estimators: 1000
    outs:
    - path: models/model.pkl
      hash: md5
      md5: f88aa29dd95d0e1f2a1096f212064b7f
      size: 60710831
  model_eval:
    cmd: python src/model/model_eval.py
    deps:
    - path: models/model.pkl
      hash: md5
      md5: aecb42980c78ad96e89b0f8c166a9c1a
      size: 60754511
    - path: src/model/model_eval.py
      hash: md5
      md5: 76adfdc78529af4aa0762ef79f181266
      size: 4859
    outs:
    - path: reports/metrics.json
      hash: md5
      md5: 780fffb2acf15bd591f9409a970a7628
      size: 151
    - path: reports/run_info.json
      hash: md5
      md5: e4c95326d6a7acd92a1c5fc061d376f4
      size: 87
  pre_preprocessing:
    cmd: python src/data/data_prep.py
    deps:
    - path: data/raw
      hash: md5
      md5: 866f27f2d235e1ed6929109245a3419e.dir
      size: 522262
      nfiles: 2
    - path: src/data/data_prep.py
      hash: md5
      md5: 00316e86fb7ada8c6030aee3751d866d
      size: 1875
    outs:
    - path: data/processed
      hash: md5
      md5: ae3cb698e149a4ec09fdb7c00f992f22.dir
      size: 546525
      nfiles: 2
  model_registration:
    cmd: python src/model/model_reg.py
    deps:
    - path: reports/run_info.json
      hash: md5
      md5: e4c95326d6a7acd92a1c5fc061d376f4
      size: 87
    - path: src/model/model_reg.py
      hash: md5
      md5: 81614134babf0dfa875ffe6434e2e636
      size: 1669
